
Microsoft Visual Studio Solution File, Format Version 12.00
# Visual Studio Version 17
VisualStudioVersion = 17.8.34330.188
MinimumVisualStudioVersion = 10.0.40219.1
Project("{FAE04EC0-301F-11D3-BF4B-00C04F79EFBC}") = "HillelTask_10.1", "HillelTask_10.1\HillelTask_10.1.csproj", "{AC5F0B82-2DD1-4906-8224-39761A4CEDC9}"
EndProject
Global
	GlobalSection(SolutionConfigurationPlatforms) = preSolution
		Debug|Any CPU = Debug|Any CPU
		Release|Any CPU = Release|Any CPU
	EndGlobalSection
	GlobalSection(ProjectConfigurationPlatforms) = postSolution
		{AC5F0B82-2DD1-4906-8224-39761A4CEDC9}.Debug|Any CPU.ActiveCfg = Debug|Any CPU
		{AC5F0B82-2DD1-4906-8224-39761A4CEDC9}.Debug|Any CPU.Build.0 = Debug|Any CPU
		{AC5F0B82-2DD1-4906-8224-39761A4CEDC9}.Release|Any CPU.ActiveCfg = Release|Any CPU
		{AC5F0B82-2DD1-4906-8224-39761A4CEDC9}.Release|Any CPU.Build.0 = Release|Any CPU
	EndGlobalSection
	GlobalSection(SolutionProperties) = preSolution
		HideSolutionNode = FALSE
	EndGlobalSection
	GlobalSection(ExtensibilityGlobals) = postSolution
		SolutionGuid = {E7957428-572E-4E15-A03A-5B454A30CB28}
	EndGlobalSection
EndGlobal
